// !$*UTF8*$!
{
	archiveVersion = 1;
	classes = {
	};
	objectVersion = 46;
	objects = {

/* Begin PBXBuildFile section */
		0E2124181B21F58200DBFEBD /* DataTableController.m in Sources */ = {isa = PBXBuildFile; fileRef = 0E2124171B21F58200DBFEBD /* DataTableController.m */; };
		0E4F4C7D1B21BEF400681580 /* main.m in Sources */ = {isa = PBXBuildFile; fileRef = 0E4F4C7C1B21BEF400681580 /* main.m */; };
		0E4F4C801B21BEF400681580 /* AppDelegate.m in Sources */ = {isa = PBXBuildFile; fileRef = 0E4F4C7F1B21BEF400681580 /* AppDelegate.m */; };
		0E4F4C831B21BEF400681580 /* ViewController.m in Sources */ = {isa = PBXBuildFile; fileRef = 0E4F4C821B21BEF400681580 /* ViewController.m */; };
		0E4F4C861B21BEF500681580 /* Main.storyboard in Resources */ = {isa = PBXBuildFile; fileRef = 0E4F4C841B21BEF500681580 /* Main.storyboard */; };
		0E4F4C881B21BEF500681580 /* Images.xcassets in Resources */ = {isa = PBXBuildFile; fileRef = 0E4F4C871B21BEF500681580 /* Images.xcassets */; };
		0E4F4C8B1B21BEF500681580 /* LaunchScreen.xib in Resources */ = {isa = PBXBuildFile; fileRef = 0E4F4C891B21BEF500681580 /* LaunchScreen.xib */; };
		0E4F4C971B21BEF500681580 /* DatabaseClassDemoTests.m in Sources */ = {isa = PBXBuildFile; fileRef = 0E4F4C961B21BEF500681580 /* DatabaseClassDemoTests.m */; };
		0E4F4CA11B21BFD700681580 /* libsqlite3.dylib in Frameworks */ = {isa = PBXBuildFile; fileRef = 0E4F4CA01B21BFD700681580 /* libsqlite3.dylib */; };
/* End PBXBuildFile section */

/* Begin PBXContainerItemProxy section */
		0E4F4C911B21BEF500681580 /* PBXContainerItemProxy */ = {
			isa = PBXContainerItemProxy;
			containerPortal = 0E4F4C6F1B21BEF400681580 /* Project object */;
			proxyType = 1;
			remoteGlobalIDString = 0E4F4C761B21BEF400681580;
			remoteInfo = DatabaseClassDemo;
		};
/* End PBXContainerItemProxy section */

/* Begin PBXFileReference section */
		0E2124161B21F58200DBFEBD /* DataTableController.h */ = {isa = PBXFileReference; fileEncoding = 4; lastKnownFileType = sourcecode.c.h; path = DataTableController.h; sourceTree = "<group>"; };
		0E2124171B21F58200DBFEBD /* DataTableController.m */ = {isa = PBXFileReference; fileEncoding = 4; lastKnownFileType = sourcecode.c.objc; path = DataTableController.m; sourceTree = "<group>"; };
		0E4F4C771B21BEF400681580 /* DatabaseClassDemo.app */ = {isa = PBXFileReference; explicitFileType = wrapper.application; includeInIndex = 0; path = DatabaseClassDemo.app; sourceTree = BUILT_PRODUCTS_DIR; };
		0E4F4C7B1B21BEF400681580 /* Info.plist */ = {isa = PBXFileReference; lastKnownFileType = text.plist.xml; path = Info.plist; sourceTree = "<group>"; };
		0E4F4C7C1B21BEF400681580 /* main.m */ = {isa = PBXFileReference; lastKnownFileType = sourcecode.c.objc; path = main.m; sourceTree = "<group>"; };
		0E4F4C7E1B21BEF400681580 /* AppDelegate.h */ = {isa = PBXFileReference; lastKnownFileType = sourcecode.c.h; path = AppDelegate.h; sourceTree = "<group>"; };
		0E4F4C7F1B21BEF400681580 /* AppDelegate.m */ = {isa = PBXFileReference; lastKnownFileType = sourcecode.c.objc; path = AppDelegate.m; sourceTree = "<group>"; };
		0E4F4C811B21BEF400681580 /* ViewController.h */ = {isa = PBXFileReference; lastKnownFileType = sourcecode.c.h; path = ViewController.h; sourceTree = "<group>"; };
		0E4F4C821B21BEF400681580 /* ViewController.m */ = {isa = PBXFileReference; lastKnownFileType = sourcecode.c.objc; path = ViewController.m; sourceTree = "<group>"; };
		0E4F4C851B21BEF500681580 /* Base */ = {isa = PBXFileReference; lastKnownFileType = file.storyboard; name = Base; path = Base.lproj/Main.storyboard; sourceTree = "<group>"; };
		0E4F4C871B21BEF500681580 /* Images.xcassets */ = {isa = PBXFileReference; lastKnownFileType = folder.assetcatalog; path = Images.xcassets; sourceTree = "<group>"; };
		0E4F4C8A1B21BEF500681580 /* Base */ = {isa = PBXFileReference; lastKnownFileType = file.xib; name = Base; path = Base.lproj/LaunchScreen.xib; sourceTree = "<group>"; };
		0E4F4C901B21BEF500681580 /* DatabaseClassDemoTests.xctest */ = {isa = PBXFileReference; explicitFileType = wrapper.cfbundle; includeInIndex = 0; path = DatabaseClassDemoTests.xctest; sourceTree = BUILT_PRODUCTS_DIR; };
		0E4F4C951B21BEF500681580 /* Info.plist */ = {isa = PBXFileReference; lastKnownFileType = text.plist.xml; path = Info.plist; sourceTree = "<group>"; };
		0E4F4C961B21BEF500681580 /* DatabaseClassDemoTests.m */ = {isa = PBXFileReference; lastKnownFileType = sourcecode.c.objc; path = DatabaseClassDemoTests.m; sourceTree = "<group>"; };
		0E4F4CA01B21BFD700681580 /* libsqlite3.dylib */ = {isa = PBXFileReference; lastKnownFileType = "compiled.mach-o.dylib"; name = libsqlite3.dylib; path = usr/lib/libsqlite3.dylib; sourceTree = SDKROOT; };
/* End PBXFileReference section */

/* Begin PBXFrameworksBuildPhase section */
		0E4F4C741B21BEF400681580 /* Frameworks */ = {
			isa = PBXFrameworksBuildPhase;
			buildActionMask = 2147483647;
			files = (
				0E4F4CA11B21BFD700681580 /* libsqlite3.dylib in Frameworks */,
			);
			runOnlyForDeploymentPostprocessing = 0;
		};
		0E4F4C8D1B21BEF500681580 /* Frameworks */ = {
			isa = PBXFrameworksBuildPhase;
			buildActionMask = 2147483647;
			files = (
			);
			runOnlyForDeploymentPostprocessing = 0;
		};
/* End PBXFrameworksBuildPhase section */

/* Begin PBXGroup section */
		0E4F4C6E1B21BEF400681580 = {
			isa = PBXGroup;
			children = (
				0E4F4CA01B21BFD700681580 /* libsqlite3.dylib */,
				0E4F4C791B21BEF400681580 /* DatabaseClassDemo */,
				0E4F4C931B21BEF500681580 /* DatabaseClassDemoTests */,
				0E4F4C781B21BEF400681580 /* Products */,
			);
			sourceTree = "<group>";
		};
		0E4F4C781B21BEF400681580 /* Products */ = {
			isa = PBXGroup;
			children = (
				0E4F4C771B21BEF400681580 /* DatabaseClassDemo.app */,
				0E4F4C901B21BEF500681580 /* DatabaseClassDemoTests.xctest */,
			);
			name = Products;
			sourceTree = "<group>";
		};
		0E4F4C791B21BEF400681580 /* DatabaseClassDemo */ = {
			isa = PBXGroup;
			children = (
				0E4F4C7E1B21BEF400681580 /* AppDelegate.h */,
				0E4F4C7F1B21BEF400681580 /* AppDelegate.m */,
				0E4F4C811B21BEF400681580 /* ViewController.h */,
				0E4F4C821B21BEF400681580 /* ViewController.m */,
				0E4F4C841B21BEF500681580 /* Main.storyboard */,
				0E4F4C871B21BEF500681580 /* Images.xcassets */,
				0E4F4C891B21BEF500681580 /* LaunchScreen.xib */,
				0E4F4C7A1B21BEF400681580 /* Supporting Files */,
				0E2124161B21F58200DBFEBD /* DataTableController.h */,
				0E2124171B21F58200DBFEBD /* DataTableController.m */,
			);
			path = DatabaseClassDemo;
			sourceTree = "<group>";
		};
		0E4F4C7A1B21BEF400681580 /* Supporting Files */ = {
			isa = PBXGroup;
			children = (
				0E4F4C7B1B21BEF400681580 /* Info.plist */,
				0E4F4C7C1B21BEF400681580 /* main.m */,
			);
			name = "Supporting Files";
			sourceTree = "<group>";
		};
		0E4F4C931B21BEF500681580 /* DatabaseClassDemoTests */ = {
			isa = PBXGroup;
			children = (
				0E4F4C961B21BEF500681580 /* DatabaseClassDemoTests.m */,
				0E4F4C941B21BEF500681580 /* Supporting Files */,
			);
			path = DatabaseClassDemoTests;
			sourceTree = "<group>";
		};
		0E4F4C941B21BEF500681580 /* Supporting Files */ = {
			isa = PBXGroup;
			children = (
				0E4F4C951B21BEF500681580 /* Info.plist */,
			);
			name = "Supporting Files";
			sourceTree = "<group>";
		};
/* End PBXGroup section */

/* Begin PBXNativeTarget section */
		0E4F4C761B21BEF400681580 /* DatabaseClassDemo */ = {
			isa = PBXNativeTarget;
			buildConfigurationList = 0E4F4C9A1B21BEF500681580 /* Build configuration list for PBXNativeTarget "DatabaseClassDemo" */;
			buildPhases = (
				0E4F4C731B21BEF400681580 /* Sources */,
				0E4F4C741B21BEF400681580 /* Frameworks */,
				0E4F4C751B21BEF400681580 /* Resources */,
			);
			buildRules = (
			);
			dependencies = (
			);
			name = DatabaseClassDemo;
			productName = DatabaseClassDemo;
			productReference = 0E4F4C771B21BEF400681580 /* DatabaseClassDemo.app */;
			productType = "com.apple.product-type.application";
		};
		0E4F4C8F1B21BEF500681580 /* DatabaseClassDemoTests */ = {
			isa = PBXNativeTarget;
			buildConfigurationList = 0E4F4C9D1B21BEF500681580 /* Build configuration list for PBXNativeTarget "DatabaseClassDemoTests" */;
			buildPhases = (
				0E4F4C8C1B21BEF500681580 /* Sources */,
				0E4F4C8D1B21BEF500681580 /* Frameworks */,
				0E4F4C8E1B21BEF500681580 /* Resources */,
			);
			buildRules = (
			);
			dependencies = (
				0E4F4C921B21BEF500681580 /* PBXTargetDependency */,
			);
			name = DatabaseClassDemoTests;
			productName = DatabaseClassDemoTests;
			productReference = 0E4F4C901B21BEF500681580 /* DatabaseClassDemoTests.xctest */;
			productType = "com.apple.product-type.bundle.unit-test";
		};
/* End PBXNativeTarget section */

/* Begin PBXProject section */
		0E4F4C6F1B21BEF400681580 /* Project object */ = {
			isa = PBXProject;
			attributes = {
				LastUpgradeCheck = 0630;
				ORGANIZATIONNAME = Cyberspace;
				TargetAttributes = {
					0E4F4C761B21BEF400681580 = {
						CreatedOnToolsVersion = 6.3.2;
					};
					0E4F4C8F1B21BEF500681580 = {
						CreatedOnToolsVersion = 6.3.2;
						TestTargetID = 0E4F4C761B21BEF400681580;
					};
				};
			};
			buildConfigurationList = 0E4F4C721B21BEF400681580 /* Build configuration list for PBXProject "DatabaseClassDemo" */;
			compatibilityVersion = "Xcode 3.2";
			developmentRegion = English;
			hasScannedForEncodings = 0;
			knownRegions = (
				en,
				Base,
			);
			mainGroup = 0E4F4C6E1B21BEF400681580;
			productRefGroup = 0E4F4C781B21BEF400681580 /* Products */;
			projectDirPath = "";
			projectRoot = "";
			targets = (
				0E4F4C761B21BEF400681580 /* DatabaseClassDemo */,
				0E4F4C8F1B21BEF500681580 /* DatabaseClassDemoTests */,
			);
		};
/* End PBXProject section */

/* Begin PBXResourcesBuildPhase section */
		0E4F4C751B21BEF400681580 /* Resources */ = {
			isa = PBXResourcesBuildPhase;
			buildActionMask = 2147483647;
			files = (
				0E4F4C861B21BEF500681580 /* Main.storyboard in Resources */,
				0E4F4C8B1B21BEF500681580 /* LaunchScreen.xib in Resources */,
				0E4F4C881B21BEF500681580 /* Images.xcassets in Resources */,
			);
			runOnlyForDeploymentPostprocessing = 0;
		};
		0E4F4C8E1B21BEF500681580 /* Resources */ = {
			isa = PBXResourcesBuildPhase;
			buildActionMask = 2147483647;
			files = (
			);
			runOnlyForDeploymentPostprocessing = 0;
		};
/* End PBXResourcesBuildPhase section */

/* Begin PBXSourcesBuildPhase section */
		0E4F4C731B21BEF400681580 /* Sources */ = {
			isa = PBXSourcesBuildPhase;
			buildActionMask = 2147483647;
			files = (
				0E4F4C831B21BEF400681580 /* ViewController.m in Sources */,
				0E4F4C801B21BEF400681580 /* AppDelegate.m in Sources */,
				0E2124181B21F58200DBFEBD /* DataTableController.m in Sources */,
				0E4F4C7D1B21BEF400681580 /* main.m in Sources */,
			);
			runOnlyForDeploymentPostprocessing = 0;
		};
		0E4F4C8C1B21BEF500681580 /* Sources */ = {
			isa = PBXSourcesBuildPhase;
			buildActionMask = 2147483647;
			files = (
				0E4F4C971B21BEF500681580 /* DatabaseClassDemoTests.m in Sources */,
			);
			runOnlyForDeploymentPostprocessing = 0;
		};
/* End PBXSourcesBuildPhase section */

/* Begin PBXTargetDependency section */
		0E4F4C921B21BEF500681580 /* PBXTargetDependency */ = {
			isa = PBXTargetDependency;
			target = 0E4F4C761B21BEF400681580 /* DatabaseClassDemo */;
			targetProxy = 0E4F4C911B21BEF500681580 /* PBXContainerItemProxy */;
		};
/* End PBXTargetDependency section */

/* Begin PBXVariantGroup section */
		0E4F4C841B21BEF500681580 /* Main.storyboard */ = {
			isa = PBXVariantGroup;
			children = (
				0E4F4C851B21BEF500681580 /* Base */,
			);
			name = Main.storyboard;
			sourceTree = "<group>";
		};
		0E4F4C891B21BEF500681580 /* LaunchScreen.xib */ = {
			isa = PBXVariantGroup;
			children = (
				0E4F4C8A1B21BEF500681580 /* Base */,
			);
			name = LaunchScreen.xib;
			sourceTree = "<group>";
		};
/* End PBXVariantGroup section */

/* Begin XCBuildConfiguration section */
		0E4F4C981B21BEF500681580 /* Debug */ = {
			isa = XCBuildConfiguration;
			buildSettings = {
				ALWAYS_SEARCH_USER_PATHS = NO;
				CLANG_CXX_LANGUAGE_STANDARD = "gnu++0x";
				CLANG_CXX_LIBRARY = "libc++";
				CLANG_ENABLE_MODULES = YES;
				CLANG_ENABLE_OBJC_ARC = YES;
				CLANG_WARN_BOOL_CONVERSION = YES;
				CLANG_WARN_CONSTANT_CONVERSION = YES;
				CLANG_WARN_DIRECT_OBJC_ISA_USAGE = YES_ERROR;
				CLANG_WARN_EMPTY_BODY = YES;
				CLANG_WARN_ENUM_CONVERSION = YES;
				CLANG_WARN_INT_CONVERSION = YES;
				CLANG_WARN_OBJC_ROOT_CLASS = YES_ERROR;
				CLANG_WARN_UNREACHABLE_CODE = YES;
				CLANG_WARN__DUPLICATE_METHOD_MATCH = YES;
				"CODE_SIGN_IDENTITY[sdk=iphoneos*]" = "iPhone Developer";
				COPY_PHASE_STRIP = NO;
				DEBUG_INFORMATION_FORMAT = "dwarf-with-dsym";
				ENABLE_STRICT_OBJC_MSGSEND = YES;
				GCC_C_LANGUAGE_STANDARD = gnu99;
				GCC_DYNAMIC_NO_PIC = NO;
				GCC_NO_COMMON_BLOCKS = YES;
				GCC_OPTIMIZATION_LEVEL = 0;
				GCC_PREPROCESSOR_DEFINITIONS = (
					"DEBUG=1",
					"$(inherited)",
				);
				GCC_SYMBOLS_PRIVATE_EXTERN = NO;
				GCC_WARN_64_TO_32_BIT_CONVERSION = YES;
				GCC_WARN_ABOUT_RETURN_TYPE = YES_ERROR;
				GCC_WARN_UNDECLARED_SELECTOR = YES;
				GCC_WARN_UNINITIALIZED_AUTOS = YES_AGGRESSIVE;
				GCC_WARN_UNUSED_FUNCTION = YES;
				GCC_WARN_UNUSED_VARIABLE = YES;
				IPHONEOS_DEPLOYMENT_TARGET = 8.3;
				MTL_ENABLE_DEBUG_INFO = YES;
				ONLY_ACTIVE_ARCH = YES;
				SDKROOT = iphoneos;
			};
			name = Debug;
		};
		0E4F4C991B21BEF500681580 /* Release */ = {
			isa = XCBuildConfiguration;
			buildSettings = {
				ALWAYS_SEARCH_USER_PATHS = NO;
				CLANG_CXX_LANGUAGE_STANDARD = "gnu++0x";
				CLANG_CXX_LIBRARY = "libc++";
				CLANG_ENABLE_MODULES = YES;
				CLANG_ENABLE_OBJC_ARC = YES;
				CLANG_WARN_BOOL_CONVERSION = YES;
				CLANG_WARN_CONSTANT_CONVERSION = YES;
				CLANG_WARN_DIRECT_OBJC_ISA_USAGE = YES_ERROR;
				CLANG_WARN_EMPTY_BODY = YES;
				CLANG_WARN_ENUM_CONVERSION = YES;
				CLANG_WARN_INT_CONVERSION = YES;
				CLANG_WARN_OBJC_ROOT_CLASS = YES_ERROR;
				CLANG_WARN_UNREACHABLE_CODE = YES;
				CLANG_WARN__DUPLICATE_METHOD_MATCH = YES;
				"CODE_SIGN_IDENTITY[sdk=iphoneos*]" = "iPhone Developer";
				COPY_PHASE_STRIP = NO;
				DEBUG_INFORMATION_FORMAT = "dwarf-with-dsym";
				ENABLE_NS_ASSERTIONS = NO;
				ENABLE_STRICT_OBJC_MSGSEND = YES;
				GCC_C_LANGUAGE_STANDARD = gnu99;
				GCC_NO_COMMON_BLOCKS = YES;
				GCC_WARN_64_TO_32_BIT_CONVERSION = YES;
				GCC_WARN_ABOUT_RETURN_TYPE = YES_ERROR;
				GCC_WARN_UNDECLARED_SELECTOR = YES;
				GCC_WARN_UNINITIALIZED_AUTOS = YES_AGGRESSIVE;
				GCC_WARN_UNUSED_FUNCTION = YES;
				GCC_WARN_UNUSED_VARIABLE = YES;
				IPHONEOS_DEPLOYMENT_TARGET = 8.3;
				MTL_ENABLE_DEBUG_INFO = NO;
				SDKROOT = iphoneos;
				VALIDATE_PRODUCT = YES;
			};
			name = Release;
		};
		0E4F4C9B1B21BEF500681580 /* Debug */ = {
			isa = XCBuildConfiguration;
			buildSettings = {
				ASSETCATALOG_COMPILER_APPICON_NAME = AppIcon;
				INFOPLIST_FILE = DatabaseClassDemo/Info.plist;
				LD_RUNPATH_SEARCH_PATHS = "$(inherited) @executable_path/Frameworks";
				PRODUCT_NAME = "$(TARGET_NAME)";
			};
			name = Debug;
		};
		0E4F4C9C1B21BEF500681580 /* Release */ = {
			isa = XCBuildConfiguration;
			buildSettings = {
				ASSETCATALOG_COMPILER_APPICON_NAME = AppIcon;
				INFOPLIST_FILE = DatabaseClassDemo/Info.plist;
				LD_RUNPATH_SEARCH_PATHS = "$(inherited) @executable_path/Frameworks";
				PRODUCT_NAME = "$(TARGET_NAME)";
			};
			name = Release;
		};
		0E4F4C9E1B21BEF500681580 /* Debug */ = {
			isa = XCBuildConfiguration;
			buildSettings = {
				BUNDLE_LOADER = "$(TEST_HOST)";
				FRAMEWORK_SEARCH_PATHS = (
					"$(SDKROOT)/Developer/Library/Frameworks",
					"$(inherited)",
				);
				GCC_PREPROCESSOR_DEFINITIONS = (
					"DEBUG=1",
					"$(inherited)",
				);
				INFOPLIST_FILE = DatabaseClassDemoTests/Info.plist;
				LD_RUNPATH_SEARCH_PATHS = "$(inherited) @executable_path/Frameworks @loader_path/Frameworks";
				PRODUCT_NAME = "$(TARGET_NAME)";
				TEST_HOST = "$(BUILT_PRODUCTS_DIR)/DatabaseClassDemo.app/DatabaseClassDemo";
			};
			name = Debug;
		};
		0E4F4C9F1B21BEF500681580 /* Release */ = {
			isa = XCBuildConfiguration;
			buildSettings = {
				BUNDLE_LOADER = "$(TEST_HOST)";
				FRAMEWORK_SEARCH_PATHS = (
					"$(SDKROOT)/Developer/Library/Frameworks",
					"$(inherited)",
				);
				INFOPLIST_FILE = DatabaseClassDemoTests/Info.plist;
				LD_RUNPATH_SEARCH_PATHS = "$(inherited) @executable_path/Frameworks @loader_path/Frameworks";
				PRODUCT_NAME = "$(TARGET_NAME)";
				TEST_HOST = "$(BUILT_PRODUCTS_DIR)/DatabaseClassDemo.app/DatabaseClassDemo";
			};
			name = Release;
		};
/* End XCBuildConfiguration section */

/* Begin XCConfigurationList section */
		0E4F4C721B21BEF400681580 /* Build configuration list for PBXProject "DatabaseClassDemo" */ = {
			isa = XCConfigurationList;
			buildConfigurations = (
				0E4F4C981B21BEF500681580 /* Debug */,
				0E4F4C991B21BEF500681580 /* Release */,
			);
			defaultConfigurationIsVisible = 0;
			defaultConfigurationName = Release;
		};
		0E4F4C9A1B21BEF500681580 /* Build configuration list for PBXNativeTarget "DatabaseClassDemo" */ = {
			isa = XCConfigurationList;
			buildConfigurations = (
				0E4F4C9B1B21BEF500681580 /* Debug */,
				0E4F4C9C1B21BEF500681580 /* Release */,
			);
			defaultConfigurationIsVisible = 0;
			defaultConfigurationName = Release;
		};
		0E4F4C9D1B21BEF500681580 /* Build configuration list for PBXNativeTarget "DatabaseClassDemoTests" */ = {
			isa = XCConfigurationList;
			buildConfigurations = (
				0E4F4C9E1B21BEF500681580 /* Debug */,
				0E4F4C9F1B21BEF500681580 /* Release */,
			);
			defaultConfigurationIsVisible = 0;
			defaultConfigurationName = Release;
		};
/* End XCConfigurationList section */
	};
	rootObject = 0E4F4C6F1B21BEF400681580 /* Project object */;
}
