// !$*UTF8*$!
{
	archiveVersion = 1;
	classes = {
	};
	objectVersion = 46;
	objects = {

/* Begin PBXBuildFile section */
		0E956A641B1E95F1001E696F /* Foundation.framework in Frameworks */ = {isa = PBXBuildFile; fileRef = 0E956A631B1E95F1001E696F /* Foundation.framework */; };
		0E956A661B1E95F1001E696F /* CoreGraphics.framework in Frameworks */ = {isa = PBXBuildFile; fileRef = 0E956A651B1E95F1001E696F /* CoreGraphics.framework */; };
		0E956A681B1E95F1001E696F /* UIKit.framework in Frameworks */ = {isa = PBXBuildFile; fileRef = 0E956A671B1E95F1001E696F /* UIKit.framework */; };
		0E956A6E1B1E95F1001E696F /* InfoPlist.strings in Resources */ = {isa = PBXBuildFile; fileRef = 0E956A6C1B1E95F1001E696F /* InfoPlist.strings */; };
		0E956A701B1E95F1001E696F /* main.m in Sources */ = {isa = PBXBuildFile; fileRef = 0E956A6F1B1E95F1001E696F /* main.m */; };
		0E956A741B1E95F1001E696F /* AppDelegate.m in Sources */ = {isa = PBXBuildFile; fileRef = 0E956A731B1E95F1001E696F /* AppDelegate.m */; };
		0E956A771B1E95F1001E696F /* Main.storyboard in Resources */ = {isa = PBXBuildFile; fileRef = 0E956A751B1E95F1001E696F /* Main.storyboard */; };
		0E956A7A1B1E95F1001E696F /* ViewController.m in Sources */ = {isa = PBXBuildFile; fileRef = 0E956A791B1E95F1001E696F /* ViewController.m */; };
		0E956A7C1B1E95F1001E696F /* Images.xcassets in Resources */ = {isa = PBXBuildFile; fileRef = 0E956A7B1B1E95F1001E696F /* Images.xcassets */; };
		0E956A831B1E95F1001E696F /* XCTest.framework in Frameworks */ = {isa = PBXBuildFile; fileRef = 0E956A821B1E95F1001E696F /* XCTest.framework */; };
		0E956A841B1E95F1001E696F /* Foundation.framework in Frameworks */ = {isa = PBXBuildFile; fileRef = 0E956A631B1E95F1001E696F /* Foundation.framework */; };
		0E956A851B1E95F1001E696F /* UIKit.framework in Frameworks */ = {isa = PBXBuildFile; fileRef = 0E956A671B1E95F1001E696F /* UIKit.framework */; };
		0E956A8D1B1E95F1001E696F /* InfoPlist.strings in Resources */ = {isa = PBXBuildFile; fileRef = 0E956A8B1B1E95F1001E696F /* InfoPlist.strings */; };
		0E956A8F1B1E95F1001E696F /* CalculatorTests.m in Sources */ = {isa = PBXBuildFile; fileRef = 0E956A8E1B1E95F1001E696F /* CalculatorTests.m */; };
/* End PBXBuildFile section */

/* Begin PBXContainerItemProxy section */
		0E956A861B1E95F1001E696F /* PBXContainerItemProxy */ = {
			isa = PBXContainerItemProxy;
			containerPortal = 0E956A581B1E95F1001E696F /* Project object */;
			proxyType = 1;
			remoteGlobalIDString = 0E956A5F1B1E95F1001E696F;
			remoteInfo = Calculator;
		};
/* End PBXContainerItemProxy section */

/* Begin PBXFileReference section */
		0E956A601B1E95F1001E696F /* Calculator.app */ = {isa = PBXFileReference; explicitFileType = wrapper.application; includeInIndex = 0; path = Calculator.app; sourceTree = BUILT_PRODUCTS_DIR; };
		0E956A631B1E95F1001E696F /* Foundation.framework */ = {isa = PBXFileReference; lastKnownFileType = wrapper.framework; name = Foundation.framework; path = System/Library/Frameworks/Foundation.framework; sourceTree = SDKROOT; };
		0E956A651B1E95F1001E696F /* CoreGraphics.framework */ = {isa = PBXFileReference; lastKnownFileType = wrapper.framework; name = CoreGraphics.framework; path = System/Library/Frameworks/CoreGraphics.framework; sourceTree = SDKROOT; };
		0E956A671B1E95F1001E696F /* UIKit.framework */ = {isa = PBXFileReference; lastKnownFileType = wrapper.framework; name = UIKit.framework; path = System/Library/Frameworks/UIKit.framework; sourceTree = SDKROOT; };
		0E956A6B1B1E95F1001E696F /* Calculator-Info.plist */ = {isa = PBXFileReference; lastKnownFileType = text.plist.xml; path = "Calculator-Info.plist"; sourceTree = "<group>"; };
		0E956A6D1B1E95F1001E696F /* en */ = {isa = PBXFileReference; lastKnownFileType = text.plist.strings; name = en; path = en.lproj/InfoPlist.strings; sourceTree = "<group>"; };
		0E956A6F1B1E95F1001E696F /* main.m */ = {isa = PBXFileReference; lastKnownFileType = sourcecode.c.objc; path = main.m; sourceTree = "<group>"; };
		0E956A711B1E95F1001E696F /* Calculator-Prefix.pch */ = {isa = PBXFileReference; lastKnownFileType = sourcecode.c.h; path = "Calculator-Prefix.pch"; sourceTree = "<group>"; };
		0E956A721B1E95F1001E696F /* AppDelegate.h */ = {isa = PBXFileReference; lastKnownFileType = sourcecode.c.h; path = AppDelegate.h; sourceTree = "<group>"; };
		0E956A731B1E95F1001E696F /* AppDelegate.m */ = {isa = PBXFileReference; lastKnownFileType = sourcecode.c.objc; path = AppDelegate.m; sourceTree = "<group>"; };
		0E956A761B1E95F1001E696F /* Base */ = {isa = PBXFileReference; lastKnownFileType = file.storyboard; name = Base; path = Base.lproj/Main.storyboard; sourceTree = "<group>"; };
		0E956A781B1E95F1001E696F /* ViewController.h */ = {isa = PBXFileReference; lastKnownFileType = sourcecode.c.h; path = ViewController.h; sourceTree = "<group>"; };
		0E956A791B1E95F1001E696F /* ViewController.m */ = {isa = PBXFileReference; lastKnownFileType = sourcecode.c.objc; path = ViewController.m; sourceTree = "<group>"; };
		0E956A7B1B1E95F1001E696F /* Images.xcassets */ = {isa = PBXFileReference; lastKnownFileType = folder.assetcatalog; path = Images.xcassets; sourceTree = "<group>"; };
		0E956A811B1E95F1001E696F /* CalculatorTests.xctest */ = {isa = PBXFileReference; explicitFileType = wrapper.cfbundle; includeInIndex = 0; path = CalculatorTests.xctest; sourceTree = BUILT_PRODUCTS_DIR; };
		0E956A821B1E95F1001E696F /* XCTest.framework */ = {isa = PBXFileReference; lastKnownFileType = wrapper.framework; name = XCTest.framework; path = Library/Frameworks/XCTest.framework; sourceTree = DEVELOPER_DIR; };
		0E956A8A1B1E95F1001E696F /* CalculatorTests-Info.plist */ = {isa = PBXFileReference; lastKnownFileType = text.plist.xml; path = "CalculatorTests-Info.plist"; sourceTree = "<group>"; };
		0E956A8C1B1E95F1001E696F /* en */ = {isa = PBXFileReference; lastKnownFileType = text.plist.strings; name = en; path = en.lproj/InfoPlist.strings; sourceTree = "<group>"; };
		0E956A8E1B1E95F1001E696F /* CalculatorTests.m */ = {isa = PBXFileReference; lastKnownFileType = sourcecode.c.objc; path = CalculatorTests.m; sourceTree = "<group>"; };
/* End PBXFileReference section */

/* Begin PBXFrameworksBuildPhase section */
		0E956A5D1B1E95F1001E696F /* Frameworks */ = {
			isa = PBXFrameworksBuildPhase;
			buildActionMask = 2147483647;
			files = (
				0E956A661B1E95F1001E696F /* CoreGraphics.framework in Frameworks */,
				0E956A681B1E95F1001E696F /* UIKit.framework in Frameworks */,
				0E956A641B1E95F1001E696F /* Foundation.framework in Frameworks */,
			);
			runOnlyForDeploymentPostprocessing = 0;
		};
		0E956A7E1B1E95F1001E696F /* Frameworks */ = {
			isa = PBXFrameworksBuildPhase;
			buildActionMask = 2147483647;
			files = (
				0E956A831B1E95F1001E696F /* XCTest.framework in Frameworks */,
				0E956A851B1E95F1001E696F /* UIKit.framework in Frameworks */,
				0E956A841B1E95F1001E696F /* Foundation.framework in Frameworks */,
			);
			runOnlyForDeploymentPostprocessing = 0;
		};
/* End PBXFrameworksBuildPhase section */

/* Begin PBXGroup section */
		0E956A571B1E95F1001E696F = {
			isa = PBXGroup;
			children = (
				0E956A691B1E95F1001E696F /* Calculator */,
				0E956A881B1E95F1001E696F /* CalculatorTests */,
				0E956A621B1E95F1001E696F /* Frameworks */,
				0E956A611B1E95F1001E696F /* Products */,
			);
			sourceTree = "<group>";
		};
		0E956A611B1E95F1001E696F /* Products */ = {
			isa = PBXGroup;
			children = (
				0E956A601B1E95F1001E696F /* Calculator.app */,
				0E956A811B1E95F1001E696F /* CalculatorTests.xctest */,
			);
			name = Products;
			sourceTree = "<group>";
		};
		0E956A621B1E95F1001E696F /* Frameworks */ = {
			isa = PBXGroup;
			children = (
				0E956A631B1E95F1001E696F /* Foundation.framework */,
				0E956A651B1E95F1001E696F /* CoreGraphics.framework */,
				0E956A671B1E95F1001E696F /* UIKit.framework */,
				0E956A821B1E95F1001E696F /* XCTest.framework */,
			);
			name = Frameworks;
			sourceTree = "<group>";
		};
		0E956A691B1E95F1001E696F /* Calculator */ = {
			isa = PBXGroup;
			children = (
				0E956A721B1E95F1001E696F /* AppDelegate.h */,
				0E956A731B1E95F1001E696F /* AppDelegate.m */,
				0E956A751B1E95F1001E696F /* Main.storyboard */,
				0E956A781B1E95F1001E696F /* ViewController.h */,
				0E956A791B1E95F1001E696F /* ViewController.m */,
				0E956A7B1B1E95F1001E696F /* Images.xcassets */,
				0E956A6A1B1E95F1001E696F /* Supporting Files */,
			);
			path = Calculator;
			sourceTree = "<group>";
		};
		0E956A6A1B1E95F1001E696F /* Supporting Files */ = {
			isa = PBXGroup;
			children = (
				0E956A6B1B1E95F1001E696F /* Calculator-Info.plist */,
				0E956A6C1B1E95F1001E696F /* InfoPlist.strings */,
				0E956A6F1B1E95F1001E696F /* main.m */,
				0E956A711B1E95F1001E696F /* Calculator-Prefix.pch */,
			);
			name = "Supporting Files";
			sourceTree = "<group>";
		};
		0E956A881B1E95F1001E696F /* CalculatorTests */ = {
			isa = PBXGroup;
			children = (
				0E956A8E1B1E95F1001E696F /* CalculatorTests.m */,
				0E956A891B1E95F1001E696F /* Supporting Files */,
			);
			path = CalculatorTests;
			sourceTree = "<group>";
		};
		0E956A891B1E95F1001E696F /* Supporting Files */ = {
			isa = PBXGroup;
			children = (
				0E956A8A1B1E95F1001E696F /* CalculatorTests-Info.plist */,
				0E956A8B1B1E95F1001E696F /* InfoPlist.strings */,
			);
			name = "Supporting Files";
			sourceTree = "<group>";
		};
/* End PBXGroup section */

/* Begin PBXNativeTarget section */
		0E956A5F1B1E95F1001E696F /* Calculator */ = {
			isa = PBXNativeTarget;
			buildConfigurationList = 0E956A921B1E95F1001E696F /* Build configuration list for PBXNativeTarget "Calculator" */;
			buildPhases = (
				0E956A5C1B1E95F1001E696F /* Sources */,
				0E956A5D1B1E95F1001E696F /* Frameworks */,
				0E956A5E1B1E95F1001E696F /* Resources */,
			);
			buildRules = (
			);
			dependencies = (
			);
			name = Calculator;
			productName = Calculator;
			productReference = 0E956A601B1E95F1001E696F /* Calculator.app */;
			productType = "com.apple.product-type.application";
		};
		0E956A801B1E95F1001E696F /* CalculatorTests */ = {
			isa = PBXNativeTarget;
			buildConfigurationList = 0E956A951B1E95F1001E696F /* Build configuration list for PBXNativeTarget "CalculatorTests" */;
			buildPhases = (
				0E956A7D1B1E95F1001E696F /* Sources */,
				0E956A7E1B1E95F1001E696F /* Frameworks */,
				0E956A7F1B1E95F1001E696F /* Resources */,
			);
			buildRules = (
			);
			dependencies = (
				0E956A871B1E95F1001E696F /* PBXTargetDependency */,
			);
			name = CalculatorTests;
			productName = CalculatorTests;
			productReference = 0E956A811B1E95F1001E696F /* CalculatorTests.xctest */;
			productType = "com.apple.product-type.bundle.unit-test";
		};
/* End PBXNativeTarget section */

/* Begin PBXProject section */
		0E956A581B1E95F1001E696F /* Project object */ = {
			isa = PBXProject;
			attributes = {
				LastUpgradeCheck = 0510;
				ORGANIZATIONNAME = Cyberspace;
				TargetAttributes = {
					0E956A801B1E95F1001E696F = {
						TestTargetID = 0E956A5F1B1E95F1001E696F;
					};
				};
			};
			buildConfigurationList = 0E956A5B1B1E95F1001E696F /* Build configuration list for PBXProject "Calculator" */;
			compatibilityVersion = "Xcode 3.2";
			developmentRegion = English;
			hasScannedForEncodings = 0;
			knownRegions = (
				en,
				Base,
			);
			mainGroup = 0E956A571B1E95F1001E696F;
			productRefGroup = 0E956A611B1E95F1001E696F /* Products */;
			projectDirPath = "";
			projectRoot = "";
			targets = (
				0E956A5F1B1E95F1001E696F /* Calculator */,
				0E956A801B1E95F1001E696F /* CalculatorTests */,
			);
		};
/* End PBXProject section */

/* Begin PBXResourcesBuildPhase section */
		0E956A5E1B1E95F1001E696F /* Resources */ = {
			isa = PBXResourcesBuildPhase;
			buildActionMask = 2147483647;
			files = (
				0E956A7C1B1E95F1001E696F /* Images.xcassets in Resources */,
				0E956A6E1B1E95F1001E696F /* InfoPlist.strings in Resources */,
				0E956A771B1E95F1001E696F /* Main.storyboard in Resources */,
			);
			runOnlyForDeploymentPostprocessing = 0;
		};
		0E956A7F1B1E95F1001E696F /* Resources */ = {
			isa = PBXResourcesBuildPhase;
			buildActionMask = 2147483647;
			files = (
				0E956A8D1B1E95F1001E696F /* InfoPlist.strings in Resources */,
			);
			runOnlyForDeploymentPostprocessing = 0;
		};
/* End PBXResourcesBuildPhase section */

/* Begin PBXSourcesBuildPhase section */
		0E956A5C1B1E95F1001E696F /* Sources */ = {
			isa = PBXSourcesBuildPhase;
			buildActionMask = 2147483647;
			files = (
				0E956A7A1B1E95F1001E696F /* ViewController.m in Sources */,
				0E956A741B1E95F1001E696F /* AppDelegate.m in Sources */,
				0E956A701B1E95F1001E696F /* main.m in Sources */,
			);
			runOnlyForDeploymentPostprocessing = 0;
		};
		0E956A7D1B1E95F1001E696F /* Sources */ = {
			isa = PBXSourcesBuildPhase;
			buildActionMask = 2147483647;
			files = (
				0E956A8F1B1E95F1001E696F /* CalculatorTests.m in Sources */,
			);
			runOnlyForDeploymentPostprocessing = 0;
		};
/* End PBXSourcesBuildPhase section */

/* Begin PBXTargetDependency section */
		0E956A871B1E95F1001E696F /* PBXTargetDependency */ = {
			isa = PBXTargetDependency;
			target = 0E956A5F1B1E95F1001E696F /* Calculator */;
			targetProxy = 0E956A861B1E95F1001E696F /* PBXContainerItemProxy */;
		};
/* End PBXTargetDependency section */

/* Begin PBXVariantGroup section */
		0E956A6C1B1E95F1001E696F /* InfoPlist.strings */ = {
			isa = PBXVariantGroup;
			children = (
				0E956A6D1B1E95F1001E696F /* en */,
			);
			name = InfoPlist.strings;
			sourceTree = "<group>";
		};
		0E956A751B1E95F1001E696F /* Main.storyboard */ = {
			isa = PBXVariantGroup;
			children = (
				0E956A761B1E95F1001E696F /* Base */,
			);
			name = Main.storyboard;
			sourceTree = "<group>";
		};
		0E956A8B1B1E95F1001E696F /* InfoPlist.strings */ = {
			isa = PBXVariantGroup;
			children = (
				0E956A8C1B1E95F1001E696F /* en */,
			);
			name = InfoPlist.strings;
			sourceTree = "<group>";
		};
/* End PBXVariantGroup section */

/* Begin XCBuildConfiguration section */
		0E956A901B1E95F1001E696F /* Debug */ = {
			isa = XCBuildConfiguration;
			buildSettings = {
				ALWAYS_SEARCH_USER_PATHS = NO;
				CLANG_CXX_LANGUAGE_STANDARD = "gnu++0x";
				CLANG_CXX_LIBRARY = "libc++";
				CLANG_ENABLE_MODULES = YES;
				CLANG_ENABLE_OBJC_ARC = YES;
				CLANG_WARN_BOOL_CONVERSION = YES;
				CLANG_WARN_CONSTANT_CONVERSION = YES;
				CLANG_WARN_DIRECT_OBJC_ISA_USAGE = YES_ERROR;
				CLANG_WARN_EMPTY_BODY = YES;
				CLANG_WARN_ENUM_CONVERSION = YES;
				CLANG_WARN_INT_CONVERSION = YES;
				CLANG_WARN_OBJC_ROOT_CLASS = YES_ERROR;
				CLANG_WARN__DUPLICATE_METHOD_MATCH = YES;
				"CODE_SIGN_IDENTITY[sdk=iphoneos*]" = "iPhone Developer";
				COPY_PHASE_STRIP = NO;
				GCC_C_LANGUAGE_STANDARD = gnu99;
				GCC_DYNAMIC_NO_PIC = NO;
				GCC_OPTIMIZATION_LEVEL = 0;
				GCC_PREPROCESSOR_DEFINITIONS = (
					"DEBUG=1",
					"$(inherited)",
				);
				GCC_SYMBOLS_PRIVATE_EXTERN = NO;
				GCC_WARN_64_TO_32_BIT_CONVERSION = YES;
				GCC_WARN_ABOUT_RETURN_TYPE = YES_ERROR;
				GCC_WARN_UNDECLARED_SELECTOR = YES;
				GCC_WARN_UNINITIALIZED_AUTOS = YES_AGGRESSIVE;
				GCC_WARN_UNUSED_FUNCTION = YES;
				GCC_WARN_UNUSED_VARIABLE = YES;
				IPHONEOS_DEPLOYMENT_TARGET = 7.1;
				ONLY_ACTIVE_ARCH = YES;
				SDKROOT = iphoneos;
			};
			name = Debug;
		};
		0E956A911B1E95F1001E696F /* Release */ = {
			isa = XCBuildConfiguration;
			buildSettings = {
				ALWAYS_SEARCH_USER_PATHS = NO;
				CLANG_CXX_LANGUAGE_STANDARD = "gnu++0x";
				CLANG_CXX_LIBRARY = "libc++";
				CLANG_ENABLE_MODULES = YES;
				CLANG_ENABLE_OBJC_ARC = YES;
				CLANG_WARN_BOOL_CONVERSION = YES;
				CLANG_WARN_CONSTANT_CONVERSION = YES;
				CLANG_WARN_DIRECT_OBJC_ISA_USAGE = YES_ERROR;
				CLANG_WARN_EMPTY_BODY = YES;
				CLANG_WARN_ENUM_CONVERSION = YES;
				CLANG_WARN_INT_CONVERSION = YES;
				CLANG_WARN_OBJC_ROOT_CLASS = YES_ERROR;
				CLANG_WARN__DUPLICATE_METHOD_MATCH = YES;
				"CODE_SIGN_IDENTITY[sdk=iphoneos*]" = "iPhone Developer";
				COPY_PHASE_STRIP = YES;
				ENABLE_NS_ASSERTIONS = NO;
				GCC_C_LANGUAGE_STANDARD = gnu99;
				GCC_WARN_64_TO_32_BIT_CONVERSION = YES;
				GCC_WARN_ABOUT_RETURN_TYPE = YES_ERROR;
				GCC_WARN_UNDECLARED_SELECTOR = YES;
				GCC_WARN_UNINITIALIZED_AUTOS = YES_AGGRESSIVE;
				GCC_WARN_UNUSED_FUNCTION = YES;
				GCC_WARN_UNUSED_VARIABLE = YES;
				IPHONEOS_DEPLOYMENT_TARGET = 7.1;
				SDKROOT = iphoneos;
				VALIDATE_PRODUCT = YES;
			};
			name = Release;
		};
		0E956A931B1E95F1001E696F /* Debug */ = {
			isa = XCBuildConfiguration;
			buildSettings = {
				ASSETCATALOG_COMPILER_APPICON_NAME = AppIcon;
				ASSETCATALOG_COMPILER_LAUNCHIMAGE_NAME = LaunchImage;
				GCC_PRECOMPILE_PREFIX_HEADER = YES;
				GCC_PREFIX_HEADER = "Calculator/Calculator-Prefix.pch";
				INFOPLIST_FILE = "Calculator/Calculator-Info.plist";
				PRODUCT_NAME = "$(TARGET_NAME)";
				WRAPPER_EXTENSION = app;
			};
			name = Debug;
		};
		0E956A941B1E95F1001E696F /* Release */ = {
			isa = XCBuildConfiguration;
			buildSettings = {
				ASSETCATALOG_COMPILER_APPICON_NAME = AppIcon;
				ASSETCATALOG_COMPILER_LAUNCHIMAGE_NAME = LaunchImage;
				GCC_PRECOMPILE_PREFIX_HEADER = YES;
				GCC_PREFIX_HEADER = "Calculator/Calculator-Prefix.pch";
				INFOPLIST_FILE = "Calculator/Calculator-Info.plist";
				PRODUCT_NAME = "$(TARGET_NAME)";
				WRAPPER_EXTENSION = app;
			};
			name = Release;
		};
		0E956A961B1E95F1001E696F /* Debug */ = {
			isa = XCBuildConfiguration;
			buildSettings = {
				BUNDLE_LOADER = "$(BUILT_PRODUCTS_DIR)/Calculator.app/Calculator";
				FRAMEWORK_SEARCH_PATHS = (
					"$(SDKROOT)/Developer/Library/Frameworks",
					"$(inherited)",
					"$(DEVELOPER_FRAMEWORKS_DIR)",
				);
				GCC_PRECOMPILE_PREFIX_HEADER = YES;
				GCC_PREFIX_HEADER = "Calculator/Calculator-Prefix.pch";
				GCC_PREPROCESSOR_DEFINITIONS = (
					"DEBUG=1",
					"$(inherited)",
				);
				INFOPLIST_FILE = "CalculatorTests/CalculatorTests-Info.plist";
				PRODUCT_NAME = "$(TARGET_NAME)";
				TEST_HOST = "$(BUNDLE_LOADER)";
				WRAPPER_EXTENSION = xctest;
			};
			name = Debug;
		};
		0E956A971B1E95F1001E696F /* Release */ = {
			isa = XCBuildConfiguration;
			buildSettings = {
				BUNDLE_LOADER = "$(BUILT_PRODUCTS_DIR)/Calculator.app/Calculator";
				FRAMEWORK_SEARCH_PATHS = (
					"$(SDKROOT)/Developer/Library/Frameworks",
					"$(inherited)",
					"$(DEVELOPER_FRAMEWORKS_DIR)",
				);
				GCC_PRECOMPILE_PREFIX_HEADER = YES;
				GCC_PREFIX_HEADER = "Calculator/Calculator-Prefix.pch";
				INFOPLIST_FILE = "CalculatorTests/CalculatorTests-Info.plist";
				PRODUCT_NAME = "$(TARGET_NAME)";
				TEST_HOST = "$(BUNDLE_LOADER)";
				WRAPPER_EXTENSION = xctest;
			};
			name = Release;
		};
/* End XCBuildConfiguration section */

/* Begin XCConfigurationList section */
		0E956A5B1B1E95F1001E696F /* Build configuration list for PBXProject "Calculator" */ = {
			isa = XCConfigurationList;
			buildConfigurations = (
				0E956A901B1E95F1001E696F /* Debug */,
				0E956A911B1E95F1001E696F /* Release */,
			);
			defaultConfigurationIsVisible = 0;
			defaultConfigurationName = Release;
		};
		0E956A921B1E95F1001E696F /* Build configuration list for PBXNativeTarget "Calculator" */ = {
			isa = XCConfigurationList;
			buildConfigurations = (
				0E956A931B1E95F1001E696F /* Debug */,
				0E956A941B1E95F1001E696F /* Release */,
			);
			defaultConfigurationIsVisible = 0;
		};
		0E956A951B1E95F1001E696F /* Build configuration list for PBXNativeTarget "CalculatorTests" */ = {
			isa = XCConfigurationList;
			buildConfigurations = (
				0E956A961B1E95F1001E696F /* Debug */,
				0E956A971B1E95F1001E696F /* Release */,
			);
			defaultConfigurationIsVisible = 0;
		};
/* End XCConfigurationList section */
	};
	rootObject = 0E956A581B1E95F1001E696F /* Project object */;
}
