// !$*UTF8*$!
{
	archiveVersion = 1;
	classes = {
	};
	objectVersion = 46;
	objects = {

/* Begin PBXBuildFile section */
		0E6BAD071B1EA64700E507BE /* Foundation.framework in Frameworks */ = {isa = PBXBuildFile; fileRef = 0E6BAD061B1EA64700E507BE /* Foundation.framework */; };
		0E6BAD091B1EA64700E507BE /* CoreGraphics.framework in Frameworks */ = {isa = PBXBuildFile; fileRef = 0E6BAD081B1EA64700E507BE /* CoreGraphics.framework */; };
		0E6BAD0B1B1EA64700E507BE /* UIKit.framework in Frameworks */ = {isa = PBXBuildFile; fileRef = 0E6BAD0A1B1EA64700E507BE /* UIKit.framework */; };
		0E6BAD111B1EA64700E507BE /* InfoPlist.strings in Resources */ = {isa = PBXBuildFile; fileRef = 0E6BAD0F1B1EA64700E507BE /* InfoPlist.strings */; };
		0E6BAD131B1EA64700E507BE /* main.m in Sources */ = {isa = PBXBuildFile; fileRef = 0E6BAD121B1EA64700E507BE /* main.m */; };
		0E6BAD171B1EA64700E507BE /* AppDelegate.m in Sources */ = {isa = PBXBuildFile; fileRef = 0E6BAD161B1EA64700E507BE /* AppDelegate.m */; };
		0E6BAD1A1B1EA64700E507BE /* Main.storyboard in Resources */ = {isa = PBXBuildFile; fileRef = 0E6BAD181B1EA64700E507BE /* Main.storyboard */; };
		0E6BAD1D1B1EA64700E507BE /* ViewController.m in Sources */ = {isa = PBXBuildFile; fileRef = 0E6BAD1C1B1EA64700E507BE /* ViewController.m */; };
		0E6BAD1F1B1EA64700E507BE /* Images.xcassets in Resources */ = {isa = PBXBuildFile; fileRef = 0E6BAD1E1B1EA64700E507BE /* Images.xcassets */; };
		0E6BAD261B1EA64700E507BE /* XCTest.framework in Frameworks */ = {isa = PBXBuildFile; fileRef = 0E6BAD251B1EA64700E507BE /* XCTest.framework */; };
		0E6BAD271B1EA64700E507BE /* Foundation.framework in Frameworks */ = {isa = PBXBuildFile; fileRef = 0E6BAD061B1EA64700E507BE /* Foundation.framework */; };
		0E6BAD281B1EA64700E507BE /* UIKit.framework in Frameworks */ = {isa = PBXBuildFile; fileRef = 0E6BAD0A1B1EA64700E507BE /* UIKit.framework */; };
		0E6BAD301B1EA64700E507BE /* InfoPlist.strings in Resources */ = {isa = PBXBuildFile; fileRef = 0E6BAD2E1B1EA64700E507BE /* InfoPlist.strings */; };
		0E6BAD321B1EA64700E507BE /* CloseKeypadTests.m in Sources */ = {isa = PBXBuildFile; fileRef = 0E6BAD311B1EA64700E507BE /* CloseKeypadTests.m */; };
/* End PBXBuildFile section */

/* Begin PBXContainerItemProxy section */
		0E6BAD291B1EA64700E507BE /* PBXContainerItemProxy */ = {
			isa = PBXContainerItemProxy;
			containerPortal = 0E6BACFB1B1EA64700E507BE /* Project object */;
			proxyType = 1;
			remoteGlobalIDString = 0E6BAD021B1EA64700E507BE;
			remoteInfo = CloseKeypad;
		};
/* End PBXContainerItemProxy section */

/* Begin PBXFileReference section */
		0E6BAD031B1EA64700E507BE /* CloseKeypad.app */ = {isa = PBXFileReference; explicitFileType = wrapper.application; includeInIndex = 0; path = CloseKeypad.app; sourceTree = BUILT_PRODUCTS_DIR; };
		0E6BAD061B1EA64700E507BE /* Foundation.framework */ = {isa = PBXFileReference; lastKnownFileType = wrapper.framework; name = Foundation.framework; path = System/Library/Frameworks/Foundation.framework; sourceTree = SDKROOT; };
		0E6BAD081B1EA64700E507BE /* CoreGraphics.framework */ = {isa = PBXFileReference; lastKnownFileType = wrapper.framework; name = CoreGraphics.framework; path = System/Library/Frameworks/CoreGraphics.framework; sourceTree = SDKROOT; };
		0E6BAD0A1B1EA64700E507BE /* UIKit.framework */ = {isa = PBXFileReference; lastKnownFileType = wrapper.framework; name = UIKit.framework; path = System/Library/Frameworks/UIKit.framework; sourceTree = SDKROOT; };
		0E6BAD0E1B1EA64700E507BE /* CloseKeypad-Info.plist */ = {isa = PBXFileReference; lastKnownFileType = text.plist.xml; path = "CloseKeypad-Info.plist"; sourceTree = "<group>"; };
		0E6BAD101B1EA64700E507BE /* en */ = {isa = PBXFileReference; lastKnownFileType = text.plist.strings; name = en; path = en.lproj/InfoPlist.strings; sourceTree = "<group>"; };
		0E6BAD121B1EA64700E507BE /* main.m */ = {isa = PBXFileReference; lastKnownFileType = sourcecode.c.objc; path = main.m; sourceTree = "<group>"; };
		0E6BAD141B1EA64700E507BE /* CloseKeypad-Prefix.pch */ = {isa = PBXFileReference; lastKnownFileType = sourcecode.c.h; path = "CloseKeypad-Prefix.pch"; sourceTree = "<group>"; };
		0E6BAD151B1EA64700E507BE /* AppDelegate.h */ = {isa = PBXFileReference; lastKnownFileType = sourcecode.c.h; path = AppDelegate.h; sourceTree = "<group>"; };
		0E6BAD161B1EA64700E507BE /* AppDelegate.m */ = {isa = PBXFileReference; lastKnownFileType = sourcecode.c.objc; path = AppDelegate.m; sourceTree = "<group>"; };
		0E6BAD191B1EA64700E507BE /* Base */ = {isa = PBXFileReference; lastKnownFileType = file.storyboard; name = Base; path = Base.lproj/Main.storyboard; sourceTree = "<group>"; };
		0E6BAD1B1B1EA64700E507BE /* ViewController.h */ = {isa = PBXFileReference; lastKnownFileType = sourcecode.c.h; path = ViewController.h; sourceTree = "<group>"; };
		0E6BAD1C1B1EA64700E507BE /* ViewController.m */ = {isa = PBXFileReference; lastKnownFileType = sourcecode.c.objc; path = ViewController.m; sourceTree = "<group>"; };
		0E6BAD1E1B1EA64700E507BE /* Images.xcassets */ = {isa = PBXFileReference; lastKnownFileType = folder.assetcatalog; path = Images.xcassets; sourceTree = "<group>"; };
		0E6BAD241B1EA64700E507BE /* CloseKeypadTests.xctest */ = {isa = PBXFileReference; explicitFileType = wrapper.cfbundle; includeInIndex = 0; path = CloseKeypadTests.xctest; sourceTree = BUILT_PRODUCTS_DIR; };
		0E6BAD251B1EA64700E507BE /* XCTest.framework */ = {isa = PBXFileReference; lastKnownFileType = wrapper.framework; name = XCTest.framework; path = Library/Frameworks/XCTest.framework; sourceTree = DEVELOPER_DIR; };
		0E6BAD2D1B1EA64700E507BE /* CloseKeypadTests-Info.plist */ = {isa = PBXFileReference; lastKnownFileType = text.plist.xml; path = "CloseKeypadTests-Info.plist"; sourceTree = "<group>"; };
		0E6BAD2F1B1EA64700E507BE /* en */ = {isa = PBXFileReference; lastKnownFileType = text.plist.strings; name = en; path = en.lproj/InfoPlist.strings; sourceTree = "<group>"; };
		0E6BAD311B1EA64700E507BE /* CloseKeypadTests.m */ = {isa = PBXFileReference; lastKnownFileType = sourcecode.c.objc; path = CloseKeypadTests.m; sourceTree = "<group>"; };
/* End PBXFileReference section */

/* Begin PBXFrameworksBuildPhase section */
		0E6BAD001B1EA64700E507BE /* Frameworks */ = {
			isa = PBXFrameworksBuildPhase;
			buildActionMask = 2147483647;
			files = (
				0E6BAD091B1EA64700E507BE /* CoreGraphics.framework in Frameworks */,
				0E6BAD0B1B1EA64700E507BE /* UIKit.framework in Frameworks */,
				0E6BAD071B1EA64700E507BE /* Foundation.framework in Frameworks */,
			);
			runOnlyForDeploymentPostprocessing = 0;
		};
		0E6BAD211B1EA64700E507BE /* Frameworks */ = {
			isa = PBXFrameworksBuildPhase;
			buildActionMask = 2147483647;
			files = (
				0E6BAD261B1EA64700E507BE /* XCTest.framework in Frameworks */,
				0E6BAD281B1EA64700E507BE /* UIKit.framework in Frameworks */,
				0E6BAD271B1EA64700E507BE /* Foundation.framework in Frameworks */,
			);
			runOnlyForDeploymentPostprocessing = 0;
		};
/* End PBXFrameworksBuildPhase section */

/* Begin PBXGroup section */
		0E6BACFA1B1EA64700E507BE = {
			isa = PBXGroup;
			children = (
				0E6BAD0C1B1EA64700E507BE /* CloseKeypad */,
				0E6BAD2B1B1EA64700E507BE /* CloseKeypadTests */,
				0E6BAD051B1EA64700E507BE /* Frameworks */,
				0E6BAD041B1EA64700E507BE /* Products */,
			);
			sourceTree = "<group>";
		};
		0E6BAD041B1EA64700E507BE /* Products */ = {
			isa = PBXGroup;
			children = (
				0E6BAD031B1EA64700E507BE /* CloseKeypad.app */,
				0E6BAD241B1EA64700E507BE /* CloseKeypadTests.xctest */,
			);
			name = Products;
			sourceTree = "<group>";
		};
		0E6BAD051B1EA64700E507BE /* Frameworks */ = {
			isa = PBXGroup;
			children = (
				0E6BAD061B1EA64700E507BE /* Foundation.framework */,
				0E6BAD081B1EA64700E507BE /* CoreGraphics.framework */,
				0E6BAD0A1B1EA64700E507BE /* UIKit.framework */,
				0E6BAD251B1EA64700E507BE /* XCTest.framework */,
			);
			name = Frameworks;
			sourceTree = "<group>";
		};
		0E6BAD0C1B1EA64700E507BE /* CloseKeypad */ = {
			isa = PBXGroup;
			children = (
				0E6BAD151B1EA64700E507BE /* AppDelegate.h */,
				0E6BAD161B1EA64700E507BE /* AppDelegate.m */,
				0E6BAD181B1EA64700E507BE /* Main.storyboard */,
				0E6BAD1B1B1EA64700E507BE /* ViewController.h */,
				0E6BAD1C1B1EA64700E507BE /* ViewController.m */,
				0E6BAD1E1B1EA64700E507BE /* Images.xcassets */,
				0E6BAD0D1B1EA64700E507BE /* Supporting Files */,
			);
			path = CloseKeypad;
			sourceTree = "<group>";
		};
		0E6BAD0D1B1EA64700E507BE /* Supporting Files */ = {
			isa = PBXGroup;
			children = (
				0E6BAD0E1B1EA64700E507BE /* CloseKeypad-Info.plist */,
				0E6BAD0F1B1EA64700E507BE /* InfoPlist.strings */,
				0E6BAD121B1EA64700E507BE /* main.m */,
				0E6BAD141B1EA64700E507BE /* CloseKeypad-Prefix.pch */,
			);
			name = "Supporting Files";
			sourceTree = "<group>";
		};
		0E6BAD2B1B1EA64700E507BE /* CloseKeypadTests */ = {
			isa = PBXGroup;
			children = (
				0E6BAD311B1EA64700E507BE /* CloseKeypadTests.m */,
				0E6BAD2C1B1EA64700E507BE /* Supporting Files */,
			);
			path = CloseKeypadTests;
			sourceTree = "<group>";
		};
		0E6BAD2C1B1EA64700E507BE /* Supporting Files */ = {
			isa = PBXGroup;
			children = (
				0E6BAD2D1B1EA64700E507BE /* CloseKeypadTests-Info.plist */,
				0E6BAD2E1B1EA64700E507BE /* InfoPlist.strings */,
			);
			name = "Supporting Files";
			sourceTree = "<group>";
		};
/* End PBXGroup section */

/* Begin PBXNativeTarget section */
		0E6BAD021B1EA64700E507BE /* CloseKeypad */ = {
			isa = PBXNativeTarget;
			buildConfigurationList = 0E6BAD351B1EA64700E507BE /* Build configuration list for PBXNativeTarget "CloseKeypad" */;
			buildPhases = (
				0E6BACFF1B1EA64700E507BE /* Sources */,
				0E6BAD001B1EA64700E507BE /* Frameworks */,
				0E6BAD011B1EA64700E507BE /* Resources */,
			);
			buildRules = (
			);
			dependencies = (
			);
			name = CloseKeypad;
			productName = CloseKeypad;
			productReference = 0E6BAD031B1EA64700E507BE /* CloseKeypad.app */;
			productType = "com.apple.product-type.application";
		};
		0E6BAD231B1EA64700E507BE /* CloseKeypadTests */ = {
			isa = PBXNativeTarget;
			buildConfigurationList = 0E6BAD381B1EA64700E507BE /* Build configuration list for PBXNativeTarget "CloseKeypadTests" */;
			buildPhases = (
				0E6BAD201B1EA64700E507BE /* Sources */,
				0E6BAD211B1EA64700E507BE /* Frameworks */,
				0E6BAD221B1EA64700E507BE /* Resources */,
			);
			buildRules = (
			);
			dependencies = (
				0E6BAD2A1B1EA64700E507BE /* PBXTargetDependency */,
			);
			name = CloseKeypadTests;
			productName = CloseKeypadTests;
			productReference = 0E6BAD241B1EA64700E507BE /* CloseKeypadTests.xctest */;
			productType = "com.apple.product-type.bundle.unit-test";
		};
/* End PBXNativeTarget section */

/* Begin PBXProject section */
		0E6BACFB1B1EA64700E507BE /* Project object */ = {
			isa = PBXProject;
			attributes = {
				LastUpgradeCheck = 0510;
				ORGANIZATIONNAME = Cyberspace;
				TargetAttributes = {
					0E6BAD231B1EA64700E507BE = {
						TestTargetID = 0E6BAD021B1EA64700E507BE;
					};
				};
			};
			buildConfigurationList = 0E6BACFE1B1EA64700E507BE /* Build configuration list for PBXProject "CloseKeypad" */;
			compatibilityVersion = "Xcode 3.2";
			developmentRegion = English;
			hasScannedForEncodings = 0;
			knownRegions = (
				en,
				Base,
			);
			mainGroup = 0E6BACFA1B1EA64700E507BE;
			productRefGroup = 0E6BAD041B1EA64700E507BE /* Products */;
			projectDirPath = "";
			projectRoot = "";
			targets = (
				0E6BAD021B1EA64700E507BE /* CloseKeypad */,
				0E6BAD231B1EA64700E507BE /* CloseKeypadTests */,
			);
		};
/* End PBXProject section */

/* Begin PBXResourcesBuildPhase section */
		0E6BAD011B1EA64700E507BE /* Resources */ = {
			isa = PBXResourcesBuildPhase;
			buildActionMask = 2147483647;
			files = (
				0E6BAD1F1B1EA64700E507BE /* Images.xcassets in Resources */,
				0E6BAD111B1EA64700E507BE /* InfoPlist.strings in Resources */,
				0E6BAD1A1B1EA64700E507BE /* Main.storyboard in Resources */,
			);
			runOnlyForDeploymentPostprocessing = 0;
		};
		0E6BAD221B1EA64700E507BE /* Resources */ = {
			isa = PBXResourcesBuildPhase;
			buildActionMask = 2147483647;
			files = (
				0E6BAD301B1EA64700E507BE /* InfoPlist.strings in Resources */,
			);
			runOnlyForDeploymentPostprocessing = 0;
		};
/* End PBXResourcesBuildPhase section */

/* Begin PBXSourcesBuildPhase section */
		0E6BACFF1B1EA64700E507BE /* Sources */ = {
			isa = PBXSourcesBuildPhase;
			buildActionMask = 2147483647;
			files = (
				0E6BAD1D1B1EA64700E507BE /* ViewController.m in Sources */,
				0E6BAD171B1EA64700E507BE /* AppDelegate.m in Sources */,
				0E6BAD131B1EA64700E507BE /* main.m in Sources */,
			);
			runOnlyForDeploymentPostprocessing = 0;
		};
		0E6BAD201B1EA64700E507BE /* Sources */ = {
			isa = PBXSourcesBuildPhase;
			buildActionMask = 2147483647;
			files = (
				0E6BAD321B1EA64700E507BE /* CloseKeypadTests.m in Sources */,
			);
			runOnlyForDeploymentPostprocessing = 0;
		};
/* End PBXSourcesBuildPhase section */

/* Begin PBXTargetDependency section */
		0E6BAD2A1B1EA64700E507BE /* PBXTargetDependency */ = {
			isa = PBXTargetDependency;
			target = 0E6BAD021B1EA64700E507BE /* CloseKeypad */;
			targetProxy = 0E6BAD291B1EA64700E507BE /* PBXContainerItemProxy */;
		};
/* End PBXTargetDependency section */

/* Begin PBXVariantGroup section */
		0E6BAD0F1B1EA64700E507BE /* InfoPlist.strings */ = {
			isa = PBXVariantGroup;
			children = (
				0E6BAD101B1EA64700E507BE /* en */,
			);
			name = InfoPlist.strings;
			sourceTree = "<group>";
		};
		0E6BAD181B1EA64700E507BE /* Main.storyboard */ = {
			isa = PBXVariantGroup;
			children = (
				0E6BAD191B1EA64700E507BE /* Base */,
			);
			name = Main.storyboard;
			sourceTree = "<group>";
		};
		0E6BAD2E1B1EA64700E507BE /* InfoPlist.strings */ = {
			isa = PBXVariantGroup;
			children = (
				0E6BAD2F1B1EA64700E507BE /* en */,
			);
			name = InfoPlist.strings;
			sourceTree = "<group>";
		};
/* End PBXVariantGroup section */

/* Begin XCBuildConfiguration section */
		0E6BAD331B1EA64700E507BE /* Debug */ = {
			isa = XCBuildConfiguration;
			buildSettings = {
				ALWAYS_SEARCH_USER_PATHS = NO;
				CLANG_CXX_LANGUAGE_STANDARD = "gnu++0x";
				CLANG_CXX_LIBRARY = "libc++";
				CLANG_ENABLE_MODULES = YES;
				CLANG_ENABLE_OBJC_ARC = YES;
				CLANG_WARN_BOOL_CONVERSION = YES;
				CLANG_WARN_CONSTANT_CONVERSION = YES;
				CLANG_WARN_DIRECT_OBJC_ISA_USAGE = YES_ERROR;
				CLANG_WARN_EMPTY_BODY = YES;
				CLANG_WARN_ENUM_CONVERSION = YES;
				CLANG_WARN_INT_CONVERSION = YES;
				CLANG_WARN_OBJC_ROOT_CLASS = YES_ERROR;
				CLANG_WARN__DUPLICATE_METHOD_MATCH = YES;
				"CODE_SIGN_IDENTITY[sdk=iphoneos*]" = "iPhone Developer";
				COPY_PHASE_STRIP = NO;
				GCC_C_LANGUAGE_STANDARD = gnu99;
				GCC_DYNAMIC_NO_PIC = NO;
				GCC_OPTIMIZATION_LEVEL = 0;
				GCC_PREPROCESSOR_DEFINITIONS = (
					"DEBUG=1",
					"$(inherited)",
				);
				GCC_SYMBOLS_PRIVATE_EXTERN = NO;
				GCC_WARN_64_TO_32_BIT_CONVERSION = YES;
				GCC_WARN_ABOUT_RETURN_TYPE = YES_ERROR;
				GCC_WARN_UNDECLARED_SELECTOR = YES;
				GCC_WARN_UNINITIALIZED_AUTOS = YES_AGGRESSIVE;
				GCC_WARN_UNUSED_FUNCTION = YES;
				GCC_WARN_UNUSED_VARIABLE = YES;
				IPHONEOS_DEPLOYMENT_TARGET = 7.1;
				ONLY_ACTIVE_ARCH = YES;
				SDKROOT = iphoneos;
			};
			name = Debug;
		};
		0E6BAD341B1EA64700E507BE /* Release */ = {
			isa = XCBuildConfiguration;
			buildSettings = {
				ALWAYS_SEARCH_USER_PATHS = NO;
				CLANG_CXX_LANGUAGE_STANDARD = "gnu++0x";
				CLANG_CXX_LIBRARY = "libc++";
				CLANG_ENABLE_MODULES = YES;
				CLANG_ENABLE_OBJC_ARC = YES;
				CLANG_WARN_BOOL_CONVERSION = YES;
				CLANG_WARN_CONSTANT_CONVERSION = YES;
				CLANG_WARN_DIRECT_OBJC_ISA_USAGE = YES_ERROR;
				CLANG_WARN_EMPTY_BODY = YES;
				CLANG_WARN_ENUM_CONVERSION = YES;
				CLANG_WARN_INT_CONVERSION = YES;
				CLANG_WARN_OBJC_ROOT_CLASS = YES_ERROR;
				CLANG_WARN__DUPLICATE_METHOD_MATCH = YES;
				"CODE_SIGN_IDENTITY[sdk=iphoneos*]" = "iPhone Developer";
				COPY_PHASE_STRIP = YES;
				ENABLE_NS_ASSERTIONS = NO;
				GCC_C_LANGUAGE_STANDARD = gnu99;
				GCC_WARN_64_TO_32_BIT_CONVERSION = YES;
				GCC_WARN_ABOUT_RETURN_TYPE = YES_ERROR;
				GCC_WARN_UNDECLARED_SELECTOR = YES;
				GCC_WARN_UNINITIALIZED_AUTOS = YES_AGGRESSIVE;
				GCC_WARN_UNUSED_FUNCTION = YES;
				GCC_WARN_UNUSED_VARIABLE = YES;
				IPHONEOS_DEPLOYMENT_TARGET = 7.1;
				SDKROOT = iphoneos;
				VALIDATE_PRODUCT = YES;
			};
			name = Release;
		};
		0E6BAD361B1EA64700E507BE /* Debug */ = {
			isa = XCBuildConfiguration;
			buildSettings = {
				ASSETCATALOG_COMPILER_APPICON_NAME = AppIcon;
				ASSETCATALOG_COMPILER_LAUNCHIMAGE_NAME = LaunchImage;
				GCC_PRECOMPILE_PREFIX_HEADER = YES;
				GCC_PREFIX_HEADER = "CloseKeypad/CloseKeypad-Prefix.pch";
				INFOPLIST_FILE = "CloseKeypad/CloseKeypad-Info.plist";
				PRODUCT_NAME = "$(TARGET_NAME)";
				WRAPPER_EXTENSION = app;
			};
			name = Debug;
		};
		0E6BAD371B1EA64700E507BE /* Release */ = {
			isa = XCBuildConfiguration;
			buildSettings = {
				ASSETCATALOG_COMPILER_APPICON_NAME = AppIcon;
				ASSETCATALOG_COMPILER_LAUNCHIMAGE_NAME = LaunchImage;
				GCC_PRECOMPILE_PREFIX_HEADER = YES;
				GCC_PREFIX_HEADER = "CloseKeypad/CloseKeypad-Prefix.pch";
				INFOPLIST_FILE = "CloseKeypad/CloseKeypad-Info.plist";
				PRODUCT_NAME = "$(TARGET_NAME)";
				WRAPPER_EXTENSION = app;
			};
			name = Release;
		};
		0E6BAD391B1EA64700E507BE /* Debug */ = {
			isa = XCBuildConfiguration;
			buildSettings = {
				BUNDLE_LOADER = "$(BUILT_PRODUCTS_DIR)/CloseKeypad.app/CloseKeypad";
				FRAMEWORK_SEARCH_PATHS = (
					"$(SDKROOT)/Developer/Library/Frameworks",
					"$(inherited)",
					"$(DEVELOPER_FRAMEWORKS_DIR)",
				);
				GCC_PRECOMPILE_PREFIX_HEADER = YES;
				GCC_PREFIX_HEADER = "CloseKeypad/CloseKeypad-Prefix.pch";
				GCC_PREPROCESSOR_DEFINITIONS = (
					"DEBUG=1",
					"$(inherited)",
				);
				INFOPLIST_FILE = "CloseKeypadTests/CloseKeypadTests-Info.plist";
				PRODUCT_NAME = "$(TARGET_NAME)";
				TEST_HOST = "$(BUNDLE_LOADER)";
				WRAPPER_EXTENSION = xctest;
			};
			name = Debug;
		};
		0E6BAD3A1B1EA64700E507BE /* Release */ = {
			isa = XCBuildConfiguration;
			buildSettings = {
				BUNDLE_LOADER = "$(BUILT_PRODUCTS_DIR)/CloseKeypad.app/CloseKeypad";
				FRAMEWORK_SEARCH_PATHS = (
					"$(SDKROOT)/Developer/Library/Frameworks",
					"$(inherited)",
					"$(DEVELOPER_FRAMEWORKS_DIR)",
				);
				GCC_PRECOMPILE_PREFIX_HEADER = YES;
				GCC_PREFIX_HEADER = "CloseKeypad/CloseKeypad-Prefix.pch";
				INFOPLIST_FILE = "CloseKeypadTests/CloseKeypadTests-Info.plist";
				PRODUCT_NAME = "$(TARGET_NAME)";
				TEST_HOST = "$(BUNDLE_LOADER)";
				WRAPPER_EXTENSION = xctest;
			};
			name = Release;
		};
/* End XCBuildConfiguration section */

/* Begin XCConfigurationList section */
		0E6BACFE1B1EA64700E507BE /* Build configuration list for PBXProject "CloseKeypad" */ = {
			isa = XCConfigurationList;
			buildConfigurations = (
				0E6BAD331B1EA64700E507BE /* Debug */,
				0E6BAD341B1EA64700E507BE /* Release */,
			);
			defaultConfigurationIsVisible = 0;
			defaultConfigurationName = Release;
		};
		0E6BAD351B1EA64700E507BE /* Build configuration list for PBXNativeTarget "CloseKeypad" */ = {
			isa = XCConfigurationList;
			buildConfigurations = (
				0E6BAD361B1EA64700E507BE /* Debug */,
				0E6BAD371B1EA64700E507BE /* Release */,
			);
			defaultConfigurationIsVisible = 0;
		};
		0E6BAD381B1EA64700E507BE /* Build configuration list for PBXNativeTarget "CloseKeypadTests" */ = {
			isa = XCConfigurationList;
			buildConfigurations = (
				0E6BAD391B1EA64700E507BE /* Debug */,
				0E6BAD3A1B1EA64700E507BE /* Release */,
			);
			defaultConfigurationIsVisible = 0;
		};
/* End XCConfigurationList section */
	};
	rootObject = 0E6BACFB1B1EA64700E507BE /* Project object */;
}
