// !$*UTF8*$!
{
	archiveVersion = 1;
	classes = {
	};
	objectVersion = 46;
	objects = {

/* Begin PBXBuildFile section */
		0E8F67BC1B206DAA003F3479 /* main.m in Sources */ = {isa = PBXBuildFile; fileRef = 0E8F67BB1B206DAA003F3479 /* main.m */; };
		0E8F67BF1B206DAA003F3479 /* AppDelegate.m in Sources */ = {isa = PBXBuildFile; fileRef = 0E8F67BE1B206DAA003F3479 /* AppDelegate.m */; };
		0E8F67C21B206DAA003F3479 /* ViewController.m in Sources */ = {isa = PBXBuildFile; fileRef = 0E8F67C11B206DAA003F3479 /* ViewController.m */; };
		0E8F67C51B206DAA003F3479 /* Main.storyboard in Resources */ = {isa = PBXBuildFile; fileRef = 0E8F67C31B206DAA003F3479 /* Main.storyboard */; };
		0E8F67C71B206DAA003F3479 /* Images.xcassets in Resources */ = {isa = PBXBuildFile; fileRef = 0E8F67C61B206DAA003F3479 /* Images.xcassets */; };
		0E8F67CA1B206DAA003F3479 /* LaunchScreen.xib in Resources */ = {isa = PBXBuildFile; fileRef = 0E8F67C81B206DAA003F3479 /* LaunchScreen.xib */; };
		0E8F67D61B206DAA003F3479 /* MultiViewDemoTests.m in Sources */ = {isa = PBXBuildFile; fileRef = 0E8F67D51B206DAA003F3479 /* MultiViewDemoTests.m */; };
		0E8F67E11B20707B003F3479 /* SecondController.m in Sources */ = {isa = PBXBuildFile; fileRef = 0E8F67E01B20707B003F3479 /* SecondController.m */; };
/* End PBXBuildFile section */

/* Begin PBXContainerItemProxy section */
		0E8F67D01B206DAA003F3479 /* PBXContainerItemProxy */ = {
			isa = PBXContainerItemProxy;
			containerPortal = 0E8F67AE1B206DAA003F3479 /* Project object */;
			proxyType = 1;
			remoteGlobalIDString = 0E8F67B51B206DAA003F3479;
			remoteInfo = MultiViewDemo;
		};
/* End PBXContainerItemProxy section */

/* Begin PBXFileReference section */
		0E8F67B61B206DAA003F3479 /* MultiViewDemo.app */ = {isa = PBXFileReference; explicitFileType = wrapper.application; includeInIndex = 0; path = MultiViewDemo.app; sourceTree = BUILT_PRODUCTS_DIR; };
		0E8F67BA1B206DAA003F3479 /* Info.plist */ = {isa = PBXFileReference; lastKnownFileType = text.plist.xml; path = Info.plist; sourceTree = "<group>"; };
		0E8F67BB1B206DAA003F3479 /* main.m */ = {isa = PBXFileReference; lastKnownFileType = sourcecode.c.objc; path = main.m; sourceTree = "<group>"; };
		0E8F67BD1B206DAA003F3479 /* AppDelegate.h */ = {isa = PBXFileReference; lastKnownFileType = sourcecode.c.h; path = AppDelegate.h; sourceTree = "<group>"; };
		0E8F67BE1B206DAA003F3479 /* AppDelegate.m */ = {isa = PBXFileReference; lastKnownFileType = sourcecode.c.objc; path = AppDelegate.m; sourceTree = "<group>"; };
		0E8F67C01B206DAA003F3479 /* ViewController.h */ = {isa = PBXFileReference; lastKnownFileType = sourcecode.c.h; path = ViewController.h; sourceTree = "<group>"; };
		0E8F67C11B206DAA003F3479 /* ViewController.m */ = {isa = PBXFileReference; lastKnownFileType = sourcecode.c.objc; path = ViewController.m; sourceTree = "<group>"; };
		0E8F67C41B206DAA003F3479 /* Base */ = {isa = PBXFileReference; lastKnownFileType = file.storyboard; name = Base; path = Base.lproj/Main.storyboard; sourceTree = "<group>"; };
		0E8F67C61B206DAA003F3479 /* Images.xcassets */ = {isa = PBXFileReference; lastKnownFileType = folder.assetcatalog; path = Images.xcassets; sourceTree = "<group>"; };
		0E8F67C91B206DAA003F3479 /* Base */ = {isa = PBXFileReference; lastKnownFileType = file.xib; name = Base; path = Base.lproj/LaunchScreen.xib; sourceTree = "<group>"; };
		0E8F67CF1B206DAA003F3479 /* MultiViewDemoTests.xctest */ = {isa = PBXFileReference; explicitFileType = wrapper.cfbundle; includeInIndex = 0; path = MultiViewDemoTests.xctest; sourceTree = BUILT_PRODUCTS_DIR; };
		0E8F67D41B206DAA003F3479 /* Info.plist */ = {isa = PBXFileReference; lastKnownFileType = text.plist.xml; path = Info.plist; sourceTree = "<group>"; };
		0E8F67D51B206DAA003F3479 /* MultiViewDemoTests.m */ = {isa = PBXFileReference; lastKnownFileType = sourcecode.c.objc; path = MultiViewDemoTests.m; sourceTree = "<group>"; };
		0E8F67DF1B20707B003F3479 /* SecondController.h */ = {isa = PBXFileReference; fileEncoding = 4; lastKnownFileType = sourcecode.c.h; path = SecondController.h; sourceTree = "<group>"; };
		0E8F67E01B20707B003F3479 /* SecondController.m */ = {isa = PBXFileReference; fileEncoding = 4; lastKnownFileType = sourcecode.c.objc; path = SecondController.m; sourceTree = "<group>"; };
/* End PBXFileReference section */

/* Begin PBXFrameworksBuildPhase section */
		0E8F67B31B206DAA003F3479 /* Frameworks */ = {
			isa = PBXFrameworksBuildPhase;
			buildActionMask = 2147483647;
			files = (
			);
			runOnlyForDeploymentPostprocessing = 0;
		};
		0E8F67CC1B206DAA003F3479 /* Frameworks */ = {
			isa = PBXFrameworksBuildPhase;
			buildActionMask = 2147483647;
			files = (
			);
			runOnlyForDeploymentPostprocessing = 0;
		};
/* End PBXFrameworksBuildPhase section */

/* Begin PBXGroup section */
		0E8F67AD1B206DAA003F3479 = {
			isa = PBXGroup;
			children = (
				0E8F67B81B206DAA003F3479 /* MultiViewDemo */,
				0E8F67D21B206DAA003F3479 /* MultiViewDemoTests */,
				0E8F67B71B206DAA003F3479 /* Products */,
			);
			sourceTree = "<group>";
		};
		0E8F67B71B206DAA003F3479 /* Products */ = {
			isa = PBXGroup;
			children = (
				0E8F67B61B206DAA003F3479 /* MultiViewDemo.app */,
				0E8F67CF1B206DAA003F3479 /* MultiViewDemoTests.xctest */,
			);
			name = Products;
			sourceTree = "<group>";
		};
		0E8F67B81B206DAA003F3479 /* MultiViewDemo */ = {
			isa = PBXGroup;
			children = (
				0E8F67BD1B206DAA003F3479 /* AppDelegate.h */,
				0E8F67BE1B206DAA003F3479 /* AppDelegate.m */,
				0E8F67C01B206DAA003F3479 /* ViewController.h */,
				0E8F67C11B206DAA003F3479 /* ViewController.m */,
				0E8F67C31B206DAA003F3479 /* Main.storyboard */,
				0E8F67C61B206DAA003F3479 /* Images.xcassets */,
				0E8F67C81B206DAA003F3479 /* LaunchScreen.xib */,
				0E8F67B91B206DAA003F3479 /* Supporting Files */,
				0E8F67DF1B20707B003F3479 /* SecondController.h */,
				0E8F67E01B20707B003F3479 /* SecondController.m */,
			);
			path = MultiViewDemo;
			sourceTree = "<group>";
		};
		0E8F67B91B206DAA003F3479 /* Supporting Files */ = {
			isa = PBXGroup;
			children = (
				0E8F67BA1B206DAA003F3479 /* Info.plist */,
				0E8F67BB1B206DAA003F3479 /* main.m */,
			);
			name = "Supporting Files";
			sourceTree = "<group>";
		};
		0E8F67D21B206DAA003F3479 /* MultiViewDemoTests */ = {
			isa = PBXGroup;
			children = (
				0E8F67D51B206DAA003F3479 /* MultiViewDemoTests.m */,
				0E8F67D31B206DAA003F3479 /* Supporting Files */,
			);
			path = MultiViewDemoTests;
			sourceTree = "<group>";
		};
		0E8F67D31B206DAA003F3479 /* Supporting Files */ = {
			isa = PBXGroup;
			children = (
				0E8F67D41B206DAA003F3479 /* Info.plist */,
			);
			name = "Supporting Files";
			sourceTree = "<group>";
		};
/* End PBXGroup section */

/* Begin PBXNativeTarget section */
		0E8F67B51B206DAA003F3479 /* MultiViewDemo */ = {
			isa = PBXNativeTarget;
			buildConfigurationList = 0E8F67D91B206DAA003F3479 /* Build configuration list for PBXNativeTarget "MultiViewDemo" */;
			buildPhases = (
				0E8F67B21B206DAA003F3479 /* Sources */,
				0E8F67B31B206DAA003F3479 /* Frameworks */,
				0E8F67B41B206DAA003F3479 /* Resources */,
			);
			buildRules = (
			);
			dependencies = (
			);
			name = MultiViewDemo;
			productName = MultiViewDemo;
			productReference = 0E8F67B61B206DAA003F3479 /* MultiViewDemo.app */;
			productType = "com.apple.product-type.application";
		};
		0E8F67CE1B206DAA003F3479 /* MultiViewDemoTests */ = {
			isa = PBXNativeTarget;
			buildConfigurationList = 0E8F67DC1B206DAA003F3479 /* Build configuration list for PBXNativeTarget "MultiViewDemoTests" */;
			buildPhases = (
				0E8F67CB1B206DAA003F3479 /* Sources */,
				0E8F67CC1B206DAA003F3479 /* Frameworks */,
				0E8F67CD1B206DAA003F3479 /* Resources */,
			);
			buildRules = (
			);
			dependencies = (
				0E8F67D11B206DAA003F3479 /* PBXTargetDependency */,
			);
			name = MultiViewDemoTests;
			productName = MultiViewDemoTests;
			productReference = 0E8F67CF1B206DAA003F3479 /* MultiViewDemoTests.xctest */;
			productType = "com.apple.product-type.bundle.unit-test";
		};
/* End PBXNativeTarget section */

/* Begin PBXProject section */
		0E8F67AE1B206DAA003F3479 /* Project object */ = {
			isa = PBXProject;
			attributes = {
				LastUpgradeCheck = 0630;
				ORGANIZATIONNAME = Cyberspace;
				TargetAttributes = {
					0E8F67B51B206DAA003F3479 = {
						CreatedOnToolsVersion = 6.3.2;
					};
					0E8F67CE1B206DAA003F3479 = {
						CreatedOnToolsVersion = 6.3.2;
						TestTargetID = 0E8F67B51B206DAA003F3479;
					};
				};
			};
			buildConfigurationList = 0E8F67B11B206DAA003F3479 /* Build configuration list for PBXProject "MultiViewDemo" */;
			compatibilityVersion = "Xcode 3.2";
			developmentRegion = English;
			hasScannedForEncodings = 0;
			knownRegions = (
				en,
				Base,
			);
			mainGroup = 0E8F67AD1B206DAA003F3479;
			productRefGroup = 0E8F67B71B206DAA003F3479 /* Products */;
			projectDirPath = "";
			projectRoot = "";
			targets = (
				0E8F67B51B206DAA003F3479 /* MultiViewDemo */,
				0E8F67CE1B206DAA003F3479 /* MultiViewDemoTests */,
			);
		};
/* End PBXProject section */

/* Begin PBXResourcesBuildPhase section */
		0E8F67B41B206DAA003F3479 /* Resources */ = {
			isa = PBXResourcesBuildPhase;
			buildActionMask = 2147483647;
			files = (
				0E8F67C51B206DAA003F3479 /* Main.storyboard in Resources */,
				0E8F67CA1B206DAA003F3479 /* LaunchScreen.xib in Resources */,
				0E8F67C71B206DAA003F3479 /* Images.xcassets in Resources */,
			);
			runOnlyForDeploymentPostprocessing = 0;
		};
		0E8F67CD1B206DAA003F3479 /* Resources */ = {
			isa = PBXResourcesBuildPhase;
			buildActionMask = 2147483647;
			files = (
			);
			runOnlyForDeploymentPostprocessing = 0;
		};
/* End PBXResourcesBuildPhase section */

/* Begin PBXSourcesBuildPhase section */
		0E8F67B21B206DAA003F3479 /* Sources */ = {
			isa = PBXSourcesBuildPhase;
			buildActionMask = 2147483647;
			files = (
				0E8F67C21B206DAA003F3479 /* ViewController.m in Sources */,
				0E8F67E11B20707B003F3479 /* SecondController.m in Sources */,
				0E8F67BF1B206DAA003F3479 /* AppDelegate.m in Sources */,
				0E8F67BC1B206DAA003F3479 /* main.m in Sources */,
			);
			runOnlyForDeploymentPostprocessing = 0;
		};
		0E8F67CB1B206DAA003F3479 /* Sources */ = {
			isa = PBXSourcesBuildPhase;
			buildActionMask = 2147483647;
			files = (
				0E8F67D61B206DAA003F3479 /* MultiViewDemoTests.m in Sources */,
			);
			runOnlyForDeploymentPostprocessing = 0;
		};
/* End PBXSourcesBuildPhase section */

/* Begin PBXTargetDependency section */
		0E8F67D11B206DAA003F3479 /* PBXTargetDependency */ = {
			isa = PBXTargetDependency;
			target = 0E8F67B51B206DAA003F3479 /* MultiViewDemo */;
			targetProxy = 0E8F67D01B206DAA003F3479 /* PBXContainerItemProxy */;
		};
/* End PBXTargetDependency section */

/* Begin PBXVariantGroup section */
		0E8F67C31B206DAA003F3479 /* Main.storyboard */ = {
			isa = PBXVariantGroup;
			children = (
				0E8F67C41B206DAA003F3479 /* Base */,
			);
			name = Main.storyboard;
			sourceTree = "<group>";
		};
		0E8F67C81B206DAA003F3479 /* LaunchScreen.xib */ = {
			isa = PBXVariantGroup;
			children = (
				0E8F67C91B206DAA003F3479 /* Base */,
			);
			name = LaunchScreen.xib;
			sourceTree = "<group>";
		};
/* End PBXVariantGroup section */

/* Begin XCBuildConfiguration section */
		0E8F67D71B206DAA003F3479 /* Debug */ = {
			isa = XCBuildConfiguration;
			buildSettings = {
				ALWAYS_SEARCH_USER_PATHS = NO;
				CLANG_CXX_LANGUAGE_STANDARD = "gnu++0x";
				CLANG_CXX_LIBRARY = "libc++";
				CLANG_ENABLE_MODULES = YES;
				CLANG_ENABLE_OBJC_ARC = YES;
				CLANG_WARN_BOOL_CONVERSION = YES;
				CLANG_WARN_CONSTANT_CONVERSION = YES;
				CLANG_WARN_DIRECT_OBJC_ISA_USAGE = YES_ERROR;
				CLANG_WARN_EMPTY_BODY = YES;
				CLANG_WARN_ENUM_CONVERSION = YES;
				CLANG_WARN_INT_CONVERSION = YES;
				CLANG_WARN_OBJC_ROOT_CLASS = YES_ERROR;
				CLANG_WARN_UNREACHABLE_CODE = YES;
				CLANG_WARN__DUPLICATE_METHOD_MATCH = YES;
				"CODE_SIGN_IDENTITY[sdk=iphoneos*]" = "iPhone Developer";
				COPY_PHASE_STRIP = NO;
				DEBUG_INFORMATION_FORMAT = "dwarf-with-dsym";
				ENABLE_STRICT_OBJC_MSGSEND = YES;
				GCC_C_LANGUAGE_STANDARD = gnu99;
				GCC_DYNAMIC_NO_PIC = NO;
				GCC_NO_COMMON_BLOCKS = YES;
				GCC_OPTIMIZATION_LEVEL = 0;
				GCC_PREPROCESSOR_DEFINITIONS = (
					"DEBUG=1",
					"$(inherited)",
				);
				GCC_SYMBOLS_PRIVATE_EXTERN = NO;
				GCC_WARN_64_TO_32_BIT_CONVERSION = YES;
				GCC_WARN_ABOUT_RETURN_TYPE = YES_ERROR;
				GCC_WARN_UNDECLARED_SELECTOR = YES;
				GCC_WARN_UNINITIALIZED_AUTOS = YES_AGGRESSIVE;
				GCC_WARN_UNUSED_FUNCTION = YES;
				GCC_WARN_UNUSED_VARIABLE = YES;
				IPHONEOS_DEPLOYMENT_TARGET = 8.3;
				MTL_ENABLE_DEBUG_INFO = YES;
				ONLY_ACTIVE_ARCH = YES;
				SDKROOT = iphoneos;
			};
			name = Debug;
		};
		0E8F67D81B206DAA003F3479 /* Release */ = {
			isa = XCBuildConfiguration;
			buildSettings = {
				ALWAYS_SEARCH_USER_PATHS = NO;
				CLANG_CXX_LANGUAGE_STANDARD = "gnu++0x";
				CLANG_CXX_LIBRARY = "libc++";
				CLANG_ENABLE_MODULES = YES;
				CLANG_ENABLE_OBJC_ARC = YES;
				CLANG_WARN_BOOL_CONVERSION = YES;
				CLANG_WARN_CONSTANT_CONVERSION = YES;
				CLANG_WARN_DIRECT_OBJC_ISA_USAGE = YES_ERROR;
				CLANG_WARN_EMPTY_BODY = YES;
				CLANG_WARN_ENUM_CONVERSION = YES;
				CLANG_WARN_INT_CONVERSION = YES;
				CLANG_WARN_OBJC_ROOT_CLASS = YES_ERROR;
				CLANG_WARN_UNREACHABLE_CODE = YES;
				CLANG_WARN__DUPLICATE_METHOD_MATCH = YES;
				"CODE_SIGN_IDENTITY[sdk=iphoneos*]" = "iPhone Developer";
				COPY_PHASE_STRIP = NO;
				DEBUG_INFORMATION_FORMAT = "dwarf-with-dsym";
				ENABLE_NS_ASSERTIONS = NO;
				ENABLE_STRICT_OBJC_MSGSEND = YES;
				GCC_C_LANGUAGE_STANDARD = gnu99;
				GCC_NO_COMMON_BLOCKS = YES;
				GCC_WARN_64_TO_32_BIT_CONVERSION = YES;
				GCC_WARN_ABOUT_RETURN_TYPE = YES_ERROR;
				GCC_WARN_UNDECLARED_SELECTOR = YES;
				GCC_WARN_UNINITIALIZED_AUTOS = YES_AGGRESSIVE;
				GCC_WARN_UNUSED_FUNCTION = YES;
				GCC_WARN_UNUSED_VARIABLE = YES;
				IPHONEOS_DEPLOYMENT_TARGET = 8.3;
				MTL_ENABLE_DEBUG_INFO = NO;
				SDKROOT = iphoneos;
				VALIDATE_PRODUCT = YES;
			};
			name = Release;
		};
		0E8F67DA1B206DAA003F3479 /* Debug */ = {
			isa = XCBuildConfiguration;
			buildSettings = {
				ASSETCATALOG_COMPILER_APPICON_NAME = AppIcon;
				INFOPLIST_FILE = MultiViewDemo/Info.plist;
				LD_RUNPATH_SEARCH_PATHS = "$(inherited) @executable_path/Frameworks";
				PRODUCT_NAME = "$(TARGET_NAME)";
			};
			name = Debug;
		};
		0E8F67DB1B206DAA003F3479 /* Release */ = {
			isa = XCBuildConfiguration;
			buildSettings = {
				ASSETCATALOG_COMPILER_APPICON_NAME = AppIcon;
				INFOPLIST_FILE = MultiViewDemo/Info.plist;
				LD_RUNPATH_SEARCH_PATHS = "$(inherited) @executable_path/Frameworks";
				PRODUCT_NAME = "$(TARGET_NAME)";
			};
			name = Release;
		};
		0E8F67DD1B206DAA003F3479 /* Debug */ = {
			isa = XCBuildConfiguration;
			buildSettings = {
				BUNDLE_LOADER = "$(TEST_HOST)";
				FRAMEWORK_SEARCH_PATHS = (
					"$(SDKROOT)/Developer/Library/Frameworks",
					"$(inherited)",
				);
				GCC_PREPROCESSOR_DEFINITIONS = (
					"DEBUG=1",
					"$(inherited)",
				);
				INFOPLIST_FILE = MultiViewDemoTests/Info.plist;
				LD_RUNPATH_SEARCH_PATHS = "$(inherited) @executable_path/Frameworks @loader_path/Frameworks";
				PRODUCT_NAME = "$(TARGET_NAME)";
				TEST_HOST = "$(BUILT_PRODUCTS_DIR)/MultiViewDemo.app/MultiViewDemo";
			};
			name = Debug;
		};
		0E8F67DE1B206DAA003F3479 /* Release */ = {
			isa = XCBuildConfiguration;
			buildSettings = {
				BUNDLE_LOADER = "$(TEST_HOST)";
				FRAMEWORK_SEARCH_PATHS = (
					"$(SDKROOT)/Developer/Library/Frameworks",
					"$(inherited)",
				);
				INFOPLIST_FILE = MultiViewDemoTests/Info.plist;
				LD_RUNPATH_SEARCH_PATHS = "$(inherited) @executable_path/Frameworks @loader_path/Frameworks";
				PRODUCT_NAME = "$(TARGET_NAME)";
				TEST_HOST = "$(BUILT_PRODUCTS_DIR)/MultiViewDemo.app/MultiViewDemo";
			};
			name = Release;
		};
/* End XCBuildConfiguration section */

/* Begin XCConfigurationList section */
		0E8F67B11B206DAA003F3479 /* Build configuration list for PBXProject "MultiViewDemo" */ = {
			isa = XCConfigurationList;
			buildConfigurations = (
				0E8F67D71B206DAA003F3479 /* Debug */,
				0E8F67D81B206DAA003F3479 /* Release */,
			);
			defaultConfigurationIsVisible = 0;
			defaultConfigurationName = Release;
		};
		0E8F67D91B206DAA003F3479 /* Build configuration list for PBXNativeTarget "MultiViewDemo" */ = {
			isa = XCConfigurationList;
			buildConfigurations = (
				0E8F67DA1B206DAA003F3479 /* Debug */,
				0E8F67DB1B206DAA003F3479 /* Release */,
			);
			defaultConfigurationIsVisible = 0;
		};
		0E8F67DC1B206DAA003F3479 /* Build configuration list for PBXNativeTarget "MultiViewDemoTests" */ = {
			isa = XCConfigurationList;
			buildConfigurations = (
				0E8F67DD1B206DAA003F3479 /* Debug */,
				0E8F67DE1B206DAA003F3479 /* Release */,
			);
			defaultConfigurationIsVisible = 0;
		};
/* End XCConfigurationList section */
	};
	rootObject = 0E8F67AE1B206DAA003F3479 /* Project object */;
}
